
Microsoft Visual Studio Solution File, Format Version 12.00
# Visual Studio Version 16
VisualStudioVersion = 16.0.31112.23
MinimumVisualStudioVersion = 10.0.40219.1
Project("{9A19103F-16F7-4668-BE54-9A1E7A4F7556}") = "MovieTodo.Api", "MovieTodo.Api\MovieTodo.Api.csproj", "{9DCBB45B-B627-4BF3-A8EF-8EE86C900CF3}"
EndProject
Project("{9A19103F-16F7-4668-BE54-9A1E7A4F7556}") = "MovieTodo.Common", "MovieTodo.Common\MovieTodo.Common.csproj", "{8C6EDB19-EDEC-4B42-AA85-B4983F82C815}"
EndProject
Project("{9A19103F-16F7-4668-BE54-9A1E7A4F7556}") = "MovieTodo.Data", "MovieTodo.Data\MovieTodo.Data.csproj", "{779FF590-98D4-4B41-98BE-1DDA4E261D18}"
EndProject
Project("{9A19103F-16F7-4668-BE54-9A1E7A4F7556}") = "MovieTodo.Entities", "MovieTodo.Entities\MovieTodo.Entities.csproj", "{41B49985-B510-4022-843C-D7A80DA95731}"
EndProject
Project("{9A19103F-16F7-4668-BE54-9A1E7A4F7556}") = "MovieTodo.Models", "MovieTodo.Models\MovieTodo.Models.csproj", "{E9A63C17-4906-4694-AC0C-C72FDA3B8C42}"
EndProject
Project("{9A19103F-16F7-4668-BE54-9A1E7A4F7556}") = "MovieTodo.Repositories", "MovieTodo.Repositories\MovieTodo.Repositories.csproj", "{EEA145AA-27CE-4C05-B9E6-2939EA3CB6E8}"
EndProject
Project("{9A19103F-16F7-4668-BE54-9A1E7A4F7556}") = "MovieTodo.Services", "MovieTodo.Services\MovieTodo.Services.csproj", "{C9AF3330-8B97-4456-BF76-1A137CF67BD5}"
EndProject
Global
	GlobalSection(SolutionConfigurationPlatforms) = preSolution
		Debug|Any CPU = Debug|Any CPU
		Release|Any CPU = Release|Any CPU
	EndGlobalSection
	GlobalSection(ProjectConfigurationPlatforms) = postSolution
		{9DCBB45B-B627-4BF3-A8EF-8EE86C900CF3}.Debug|Any CPU.ActiveCfg = Debug|Any CPU
		{9DCBB45B-B627-4BF3-A8EF-8EE86C900CF3}.Debug|Any CPU.Build.0 = Debug|Any CPU
		{9DCBB45B-B627-4BF3-A8EF-8EE86C900CF3}.Release|Any CPU.ActiveCfg = Release|Any CPU
		{9DCBB45B-B627-4BF3-A8EF-8EE86C900CF3}.Release|Any CPU.Build.0 = Release|Any CPU
		{8C6EDB19-EDEC-4B42-AA85-B4983F82C815}.Debug|Any CPU.ActiveCfg = Debug|Any CPU
		{8C6EDB19-EDEC-4B42-AA85-B4983F82C815}.Debug|Any CPU.Build.0 = Debug|Any CPU
		{8C6EDB19-EDEC-4B42-AA85-B4983F82C815}.Release|Any CPU.ActiveCfg = Release|Any CPU
		{8C6EDB19-EDEC-4B42-AA85-B4983F82C815}.Release|Any CPU.Build.0 = Release|Any CPU
		{779FF590-98D4-4B41-98BE-1DDA4E261D18}.Debug|Any CPU.ActiveCfg = Debug|Any CPU
		{779FF590-98D4-4B41-98BE-1DDA4E261D18}.Debug|Any CPU.Build.0 = Debug|Any CPU
		{779FF590-98D4-4B41-98BE-1DDA4E261D18}.Release|Any CPU.ActiveCfg = Release|Any CPU
		{779FF590-98D4-4B41-98BE-1DDA4E261D18}.Release|Any CPU.Build.0 = Release|Any CPU
		{41B49985-B510-4022-843C-D7A80DA95731}.Debug|Any CPU.ActiveCfg = Debug|Any CPU
		{41B49985-B510-4022-843C-D7A80DA95731}.Debug|Any CPU.Build.0 = Debug|Any CPU
		{41B49985-B510-4022-843C-D7A80DA95731}.Release|Any CPU.ActiveCfg = Release|Any CPU
		{41B49985-B510-4022-843C-D7A80DA95731}.Release|Any CPU.Build.0 = Release|Any CPU
		{E9A63C17-4906-4694-AC0C-C72FDA3B8C42}.Debug|Any CPU.ActiveCfg = Debug|Any CPU
		{E9A63C17-4906-4694-AC0C-C72FDA3B8C42}.Debug|Any CPU.Build.0 = Debug|Any CPU
		{E9A63C17-4906-4694-AC0C-C72FDA3B8C42}.Release|Any CPU.ActiveCfg = Release|Any CPU
		{E9A63C17-4906-4694-AC0C-C72FDA3B8C42}.Release|Any CPU.Build.0 = Release|Any CPU
		{EEA145AA-27CE-4C05-B9E6-2939EA3CB6E8}.Debug|Any CPU.ActiveCfg = Debug|Any CPU
		{EEA145AA-27CE-4C05-B9E6-2939EA3CB6E8}.Debug|Any CPU.Build.0 = Debug|Any CPU
		{EEA145AA-27CE-4C05-B9E6-2939EA3CB6E8}.Release|Any CPU.ActiveCfg = Release|Any CPU
		{EEA145AA-27CE-4C05-B9E6-2939EA3CB6E8}.Release|Any CPU.Build.0 = Release|Any CPU
		{C9AF3330-8B97-4456-BF76-1A137CF67BD5}.Debug|Any CPU.ActiveCfg = Debug|Any CPU
		{C9AF3330-8B97-4456-BF76-1A137CF67BD5}.Debug|Any CPU.Build.0 = Debug|Any CPU
		{C9AF3330-8B97-4456-BF76-1A137CF67BD5}.Release|Any CPU.ActiveCfg = Release|Any CPU
		{C9AF3330-8B97-4456-BF76-1A137CF67BD5}.Release|Any CPU.Build.0 = Release|Any CPU
	EndGlobalSection
	GlobalSection(SolutionProperties) = preSolution
		HideSolutionNode = FALSE
	EndGlobalSection
	GlobalSection(ExtensibilityGlobals) = postSolution
		SolutionGuid = {E5AB2883-EB59-4109-8A57-4D8CB9B0B66A}
	EndGlobalSection
EndGlobal
